<Solution>
  <Configurations>
    <Platform Name="Any CPU" />
    <Platform Name="x64" />
  </Configurations>
  <Folder Name="/Platforms/">
    <Project Path="Pomo.Android/Pomo.Android.csproj">
      <Deploy />
    </Project>
    <Project Path="Pomo.DesktopGL/Pomo.DesktopGL.csproj" />
    <Project Path="Pomo.iOS/Pomo.iOS.csproj">
      <Deploy />
    </Project>
    <Project Path="Pomo.WindowsDX/Pomo.WindowsDX.csproj" />
  </Folder>
  <Project Path="Pomo.Core/Pomo.Core.fsproj" />
</Solution>
